
Microsoft Visual Studio Solution File, Format Version 12.00
# Visual Studio Version 16
VisualStudioVersion = 16.0.32228.343
MinimumVisualStudioVersion = 10.0.40219.1
Project("{FAE04EC0-301F-11D3-BF4B-00C04F79EFBC}") = "CompService", "CompService\CompService.csproj", "{52322B17-4CDE-4320-91BE-7A8073477447}"
EndProject
Global
	GlobalSection(SolutionConfigurationPlatforms) = preSolution
		Debug|Any CPU = Debug|Any CPU
		Debug|x64 = Debug|x64
		Release|Any CPU = Release|Any CPU
		Release|x64 = Release|x64
		Test|Any CPU = Test|Any CPU
		Test|x64 = Test|x64
	EndGlobalSection
	GlobalSection(ProjectConfigurationPlatforms) = postSolution
		{52322B17-4CDE-4320-91BE-7A8073477447}.Debug|Any CPU.ActiveCfg = Debug|Any CPU
		{52322B17-4CDE-4320-91BE-7A8073477447}.Debug|Any CPU.Build.0 = Debug|Any CPU
		{52322B17-4CDE-4320-91BE-7A8073477447}.Debug|x64.ActiveCfg = Debug|x64
		{52322B17-4CDE-4320-91BE-7A8073477447}.Debug|x64.Build.0 = Debug|x64
		{52322B17-4CDE-4320-91BE-7A8073477447}.Release|Any CPU.ActiveCfg = Release|Any CPU
		{52322B17-4CDE-4320-91BE-7A8073477447}.Release|Any CPU.Build.0 = Release|Any CPU
		{52322B17-4CDE-4320-91BE-7A8073477447}.Release|x64.ActiveCfg = Release|x64
		{52322B17-4CDE-4320-91BE-7A8073477447}.Release|x64.Build.0 = Release|x64
		{52322B17-4CDE-4320-91BE-7A8073477447}.Test|Any CPU.ActiveCfg = Test|Any CPU
		{52322B17-4CDE-4320-91BE-7A8073477447}.Test|Any CPU.Build.0 = Test|Any CPU
		{52322B17-4CDE-4320-91BE-7A8073477447}.Test|x64.ActiveCfg = Test|x64
		{52322B17-4CDE-4320-91BE-7A8073477447}.Test|x64.Build.0 = Test|x64
	EndGlobalSection
	GlobalSection(SolutionProperties) = preSolution
		HideSolutionNode = FALSE
	EndGlobalSection
	GlobalSection(ExtensibilityGlobals) = postSolution
		SolutionGuid = {6565FA2E-1762-47A8-8AF1-48E63A3E0EB1}
	EndGlobalSection
EndGlobal
